// !$*UTF8*$!
{
	archiveVersion = 1;
	classes = {
	};
	objectVersion = 56;
	objects = {

/* Begin PBXBuildFile section */
		6B1199E529AF6B0400454193 /* NetworkInfrastructureApp.swift in Sources */ = {isa = PBXBuildFile; fileRef = 6B1199E429AF6B0400454193 /* NetworkInfrastructureApp.swift */; };
		6B1199E729AF6B0400454193 /* UserView.swift in Sources */ = {isa = PBXBuildFile; fileRef = 6B1199E629AF6B0400454193 /* UserView.swift */; };
		6B1199E929AF6B0500454193 /* Assets.xcassets in Resources */ = {isa = PBXBuildFile; fileRef = 6B1199E829AF6B0500454193 /* Assets.xcassets */; };
		6B1199EC29AF6B0500454193 /* Preview Assets.xcassets in Resources */ = {isa = PBXBuildFile; fileRef = 6B1199EB29AF6B0500454193 /* Preview Assets.xcassets */; };
		6B1199F629AF6B0600454193 /* NetworkInfrastructureTests.swift in Sources */ = {isa = PBXBuildFile; fileRef = 6B1199F529AF6B0600454193 /* NetworkInfrastructureTests.swift */; };
		6B119A0029AF6B0600454193 /* NetworkInfrastructureUITests.swift in Sources */ = {isa = PBXBuildFile; fileRef = 6B1199FF29AF6B0600454193 /* NetworkInfrastructureUITests.swift */; };
		6B119A0229AF6B0600454193 /* NetworkInfrastructureUITestsLaunchTests.swift in Sources */ = {isa = PBXBuildFile; fileRef = 6B119A0129AF6B0600454193 /* NetworkInfrastructureUITestsLaunchTests.swift */; };
		6B119A1229AF6DBC00454193 /* EndPoint.swift in Sources */ = {isa = PBXBuildFile; fileRef = 6B119A1129AF6DBC00454193 /* EndPoint.swift */; };
		6BFDC90329B04BA20005730F /* NetworkService.swift in Sources */ = {isa = PBXBuildFile; fileRef = 6BFDC90229B04BA20005730F /* NetworkService.swift */; };
		6BFDC90729B054120005730F /* User.swift in Sources */ = {isa = PBXBuildFile; fileRef = 6BFDC90629B054110005730F /* User.swift */; };
		6BFDC90929B05DE70005730F /* UserViewModel.swift in Sources */ = {isa = PBXBuildFile; fileRef = 6BFDC90829B05DE70005730F /* UserViewModel.swift */; };
		6BFDC90D29B081FA0005730F /* UserToPost.swift in Sources */ = {isa = PBXBuildFile; fileRef = 6BFDC90C29B081FA0005730F /* UserToPost.swift */; };
/* End PBXBuildFile section */

/* Begin PBXContainerItemProxy section */
		6B1199F229AF6B0600454193 /* PBXContainerItemProxy */ = {
			isa = PBXContainerItemProxy;
			containerPortal = 6B1199D929AF6B0400454193 /* Project object */;
			proxyType = 1;
			remoteGlobalIDString = 6B1199E029AF6B0400454193;
			remoteInfo = NetworkInfrastructure;
		};
		6B1199FC29AF6B0600454193 /* PBXContainerItemProxy */ = {
			isa = PBXContainerItemProxy;
			containerPortal = 6B1199D929AF6B0400454193 /* Project object */;
			proxyType = 1;
			remoteGlobalIDString = 6B1199E029AF6B0400454193;
			remoteInfo = NetworkInfrastructure;
		};
/* End PBXContainerItemProxy section */

/* Begin PBXFileReference section */
		6B1199E129AF6B0400454193 /* NetworkInfrastructure.app */ = {isa = PBXFileReference; explicitFileType = wrapper.application; includeInIndex = 0; path = NetworkInfrastructure.app; sourceTree = BUILT_PRODUCTS_DIR; };
		6B1199E429AF6B0400454193 /* NetworkInfrastructureApp.swift */ = {isa = PBXFileReference; lastKnownFileType = sourcecode.swift; path = NetworkInfrastructureApp.swift; sourceTree = "<group>"; };
		6B1199E629AF6B0400454193 /* UserView.swift */ = {isa = PBXFileReference; lastKnownFileType = sourcecode.swift; path = UserView.swift; sourceTree = "<group>"; };
		6B1199E829AF6B0500454193 /* Assets.xcassets */ = {isa = PBXFileReference; lastKnownFileType = folder.assetcatalog; path = Assets.xcassets; sourceTree = "<group>"; };
		6B1199EB29AF6B0500454193 /* Preview Assets.xcassets */ = {isa = PBXFileReference; lastKnownFileType = folder.assetcatalog; path = "Preview Assets.xcassets"; sourceTree = "<group>"; };
		6B1199F129AF6B0600454193 /* NetworkInfrastructureTests.xctest */ = {isa = PBXFileReference; explicitFileType = wrapper.cfbundle; includeInIndex = 0; path = NetworkInfrastructureTests.xctest; sourceTree = BUILT_PRODUCTS_DIR; };
		6B1199F529AF6B0600454193 /* NetworkInfrastructureTests.swift */ = {isa = PBXFileReference; lastKnownFileType = sourcecode.swift; path = NetworkInfrastructureTests.swift; sourceTree = "<group>"; };
		6B1199FB29AF6B0600454193 /* NetworkInfrastructureUITests.xctest */ = {isa = PBXFileReference; explicitFileType = wrapper.cfbundle; includeInIndex = 0; path = NetworkInfrastructureUITests.xctest; sourceTree = BUILT_PRODUCTS_DIR; };
		6B1199FF29AF6B0600454193 /* NetworkInfrastructureUITests.swift */ = {isa = PBXFileReference; lastKnownFileType = sourcecode.swift; path = NetworkInfrastructureUITests.swift; sourceTree = "<group>"; };
		6B119A0129AF6B0600454193 /* NetworkInfrastructureUITestsLaunchTests.swift */ = {isa = PBXFileReference; lastKnownFileType = sourcecode.swift; path = NetworkInfrastructureUITestsLaunchTests.swift; sourceTree = "<group>"; };
		6B119A1129AF6DBC00454193 /* EndPoint.swift */ = {isa = PBXFileReference; lastKnownFileType = sourcecode.swift; path = EndPoint.swift; sourceTree = "<group>"; };
		6BFDC90229B04BA20005730F /* NetworkService.swift */ = {isa = PBXFileReference; lastKnownFileType = sourcecode.swift; path = NetworkService.swift; sourceTree = "<group>"; };
		6BFDC90629B054110005730F /* User.swift */ = {isa = PBXFileReference; lastKnownFileType = sourcecode.swift; path = User.swift; sourceTree = "<group>"; };
		6BFDC90829B05DE70005730F /* UserViewModel.swift */ = {isa = PBXFileReference; lastKnownFileType = sourcecode.swift; path = UserViewModel.swift; sourceTree = "<group>"; };
		6BFDC90C29B081FA0005730F /* UserToPost.swift */ = {isa = PBXFileReference; lastKnownFileType = sourcecode.swift; path = UserToPost.swift; sourceTree = "<group>"; };
/* End PBXFileReference section */

/* Begin PBXFrameworksBuildPhase section */
		6B1199DE29AF6B0400454193 /* Frameworks */ = {
			isa = PBXFrameworksBuildPhase;
			buildActionMask = 2147483647;
			files = (
			);
			runOnlyForDeploymentPostprocessing = 0;
		};
		6B1199EE29AF6B0600454193 /* Frameworks */ = {
			isa = PBXFrameworksBuildPhase;
			buildActionMask = 2147483647;
			files = (
			);
			runOnlyForDeploymentPostprocessing = 0;
		};
		6B1199F829AF6B0600454193 /* Frameworks */ = {
			isa = PBXFrameworksBuildPhase;
			buildActionMask = 2147483647;
			files = (
			);
			runOnlyForDeploymentPostprocessing = 0;
		};
/* End PBXFrameworksBuildPhase section */

/* Begin PBXGroup section */
		6B1199D829AF6B0400454193 = {
			isa = PBXGroup;
			children = (
				6B1199E329AF6B0400454193 /* NetworkInfrastructure */,
				6B1199F429AF6B0600454193 /* NetworkInfrastructureTests */,
				6B1199FE29AF6B0600454193 /* NetworkInfrastructureUITests */,
				6B1199E229AF6B0400454193 /* Products */,
			);
			sourceTree = "<group>";
		};
		6B1199E229AF6B0400454193 /* Products */ = {
			isa = PBXGroup;
			children = (
				6B1199E129AF6B0400454193 /* NetworkInfrastructure.app */,
				6B1199F129AF6B0600454193 /* NetworkInfrastructureTests.xctest */,
				6B1199FB29AF6B0600454193 /* NetworkInfrastructureUITests.xctest */,
			);
			name = Products;
			sourceTree = "<group>";
		};
		6B1199E329AF6B0400454193 /* NetworkInfrastructure */ = {
			isa = PBXGroup;
			children = (
				6B119A1029AF6D7C00454193 /* Application */,
				6B119A1329AF965C00454193 /* Presentation */,
				6B119A0F29AF6D6E00454193 /* Resources */,
				6B119A0E29AF6D5A00454193 /* Infrastructure */,
			);
			path = NetworkInfrastructure;
			sourceTree = "<group>";
		};
		6B1199EA29AF6B0500454193 /* Preview Content */ = {
			isa = PBXGroup;
			children = (
				6B1199EB29AF6B0500454193 /* Preview Assets.xcassets */,
			);
			path = "Preview Content";
			sourceTree = "<group>";
		};
		6B1199F429AF6B0600454193 /* NetworkInfrastructureTests */ = {
			isa = PBXGroup;
			children = (
				6B1199F529AF6B0600454193 /* NetworkInfrastructureTests.swift */,
			);
			path = NetworkInfrastructureTests;
			sourceTree = "<group>";
		};
		6B1199FE29AF6B0600454193 /* NetworkInfrastructureUITests */ = {
			isa = PBXGroup;
			children = (
				6B1199FF29AF6B0600454193 /* NetworkInfrastructureUITests.swift */,
				6B119A0129AF6B0600454193 /* NetworkInfrastructureUITestsLaunchTests.swift */,
			);
			path = NetworkInfrastructureUITests;
			sourceTree = "<group>";
		};
		6B119A0E29AF6D5A00454193 /* Infrastructure */ = {
			isa = PBXGroup;
			children = (
				6B119A1129AF6DBC00454193 /* EndPoint.swift */,
				6BFDC90229B04BA20005730F /* NetworkService.swift */,
				6BFDC90629B054110005730F /* User.swift */,
				6BFDC90C29B081FA0005730F /* UserToPost.swift */,
			);
			path = Infrastructure;
			sourceTree = "<group>";
		};
		6B119A0F29AF6D6E00454193 /* Resources */ = {
			isa = PBXGroup;
			children = (
				6B1199EA29AF6B0500454193 /* Preview Content */,
				6B1199E829AF6B0500454193 /* Assets.xcassets */,
			);
			path = Resources;
			sourceTree = "<group>";
		};
		6B119A1029AF6D7C00454193 /* Application */ = {
			isa = PBXGroup;
			children = (
				6B1199E429AF6B0400454193 /* NetworkInfrastructureApp.swift */,
			);
			path = Application;
			sourceTree = "<group>";
		};
		6B119A1329AF965C00454193 /* Presentation */ = {
			isa = PBXGroup;
			children = (
				6B119A1529AF967F00454193 /* ViewModel */,
				6B119A1429AF967800454193 /* View */,
			);
			path = Presentation;
			sourceTree = "<group>";
		};
		6B119A1429AF967800454193 /* View */ = {
			isa = PBXGroup;
			children = (
				6B1199E629AF6B0400454193 /* UserView.swift */,
			);
			path = View;
			sourceTree = "<group>";
		};
		6B119A1529AF967F00454193 /* ViewModel */ = {
			isa = PBXGroup;
			children = (
				6BFDC90829B05DE70005730F /* UserViewModel.swift */,
			);
			path = ViewModel;
			sourceTree = "<group>";
		};
/* End PBXGroup section */

/* Begin PBXNativeTarget section */
		6B1199E029AF6B0400454193 /* NetworkInfrastructure */ = {
			isa = PBXNativeTarget;
			buildConfigurationList = 6B119A0529AF6B0600454193 /* Build configuration list for PBXNativeTarget "NetworkInfrastructure" */;
			buildPhases = (
				6B1199DD29AF6B0400454193 /* Sources */,
				6B1199DE29AF6B0400454193 /* Frameworks */,
				6B1199DF29AF6B0400454193 /* Resources */,
			);
			buildRules = (
			);
			dependencies = (
			);
			name = NetworkInfrastructure;
			productName = NetworkInfrastructure;
			productReference = 6B1199E129AF6B0400454193 /* NetworkInfrastructure.app */;
			productType = "com.apple.product-type.application";
		};
		6B1199F029AF6B0600454193 /* NetworkInfrastructureTests */ = {
			isa = PBXNativeTarget;
			buildConfigurationList = 6B119A0829AF6B0600454193 /* Build configuration list for PBXNativeTarget "NetworkInfrastructureTests" */;
			buildPhases = (
				6B1199ED29AF6B0600454193 /* Sources */,
				6B1199EE29AF6B0600454193 /* Frameworks */,
				6B1199EF29AF6B0600454193 /* Resources */,
			);
			buildRules = (
			);
			dependencies = (
				6B1199F329AF6B0600454193 /* PBXTargetDependency */,
			);
			name = NetworkInfrastructureTests;
			productName = NetworkInfrastructureTests;
			productReference = 6B1199F129AF6B0600454193 /* NetworkInfrastructureTests.xctest */;
			productType = "com.apple.product-type.bundle.unit-test";
		};
		6B1199FA29AF6B0600454193 /* NetworkInfrastructureUITests */ = {
			isa = PBXNativeTarget;
			buildConfigurationList = 6B119A0B29AF6B0600454193 /* Build configuration list for PBXNativeTarget "NetworkInfrastructureUITests" */;
			buildPhases = (
				6B1199F729AF6B0600454193 /* Sources */,
				6B1199F829AF6B0600454193 /* Frameworks */,
				6B1199F929AF6B0600454193 /* Resources */,
			);
			buildRules = (
			);
			dependencies = (
				6B1199FD29AF6B0600454193 /* PBXTargetDependency */,
			);
			name = NetworkInfrastructureUITests;
			productName = NetworkInfrastructureUITests;
			productReference = 6B1199FB29AF6B0600454193 /* NetworkInfrastructureUITests.xctest */;
			productType = "com.apple.product-type.bundle.ui-testing";
		};
/* End PBXNativeTarget section */

/* Begin PBXProject section */
		6B1199D929AF6B0400454193 /* Project object */ = {
			isa = PBXProject;
			attributes = {
				BuildIndependentTargetsInParallel = 1;
				LastSwiftUpdateCheck = 1420;
				LastUpgradeCheck = 1420;
				TargetAttributes = {
					6B1199E029AF6B0400454193 = {
						CreatedOnToolsVersion = 14.2;
					};
					6B1199F029AF6B0600454193 = {
						CreatedOnToolsVersion = 14.2;
						TestTargetID = 6B1199E029AF6B0400454193;
					};
					6B1199FA29AF6B0600454193 = {
						CreatedOnToolsVersion = 14.2;
						TestTargetID = 6B1199E029AF6B0400454193;
					};
				};
			};
			buildConfigurationList = 6B1199DC29AF6B0400454193 /* Build configuration list for PBXProject "NetworkInfrastructure" */;
			compatibilityVersion = "Xcode 14.0";
			developmentRegion = en;
			hasScannedForEncodings = 0;
			knownRegions = (
				en,
				Base,
			);
			mainGroup = 6B1199D829AF6B0400454193;
			productRefGroup = 6B1199E229AF6B0400454193 /* Products */;
			projectDirPath = "";
			projectRoot = "";
			targets = (
				6B1199E029AF6B0400454193 /* NetworkInfrastructure */,
				6B1199F029AF6B0600454193 /* NetworkInfrastructureTests */,
				6B1199FA29AF6B0600454193 /* NetworkInfrastructureUITests */,
			);
		};
/* End PBXProject section */

/* Begin PBXResourcesBuildPhase section */
		6B1199DF29AF6B0400454193 /* Resources */ = {
			isa = PBXResourcesBuildPhase;
			buildActionMask = 2147483647;
			files = (
				6B1199EC29AF6B0500454193 /* Preview Assets.xcassets in Resources */,
				6B1199E929AF6B0500454193 /* Assets.xcassets in Resources */,
			);
			runOnlyForDeploymentPostprocessing = 0;
		};
		6B1199EF29AF6B0600454193 /* Resources */ = {
			isa = PBXResourcesBuildPhase;
			buildActionMask = 2147483647;
			files = (
			);
			runOnlyForDeploymentPostprocessing = 0;
		};
		6B1199F929AF6B0600454193 /* Resources */ = {
			isa = PBXResourcesBuildPhase;
			buildActionMask = 2147483647;
			files = (
			);
			runOnlyForDeploymentPostprocessing = 0;
		};
/* End PBXResourcesBuildPhase section */

/* Begin PBXSourcesBuildPhase section */
		6B1199DD29AF6B0400454193 /* Sources */ = {
			isa = PBXSourcesBuildPhase;
			buildActionMask = 2147483647;
			files = (
				6B119A1229AF6DBC00454193 /* EndPoint.swift in Sources */,
				6BFDC90929B05DE70005730F /* UserViewModel.swift in Sources */,
				6B1199E729AF6B0400454193 /* UserView.swift in Sources */,
				6BFDC90329B04BA20005730F /* NetworkService.swift in Sources */,
				6BFDC90729B054120005730F /* User.swift in Sources */,
				6BFDC90D29B081FA0005730F /* UserToPost.swift in Sources */,
				6B1199E529AF6B0400454193 /* NetworkInfrastructureApp.swift in Sources */,
			);
			runOnlyForDeploymentPostprocessing = 0;
		};
		6B1199ED29AF6B0600454193 /* Sources */ = {
			isa = PBXSourcesBuildPhase;
			buildActionMask = 2147483647;
			files = (
				6B1199F629AF6B0600454193 /* NetworkInfrastructureTests.swift in Sources */,
			);
			runOnlyForDeploymentPostprocessing = 0;
		};
		6B1199F729AF6B0600454193 /* Sources */ = {
			isa = PBXSourcesBuildPhase;
			buildActionMask = 2147483647;
			files = (
				6B119A0229AF6B0600454193 /* NetworkInfrastructureUITestsLaunchTests.swift in Sources */,
				6B119A0029AF6B0600454193 /* NetworkInfrastructureUITests.swift in Sources */,
			);
			runOnlyForDeploymentPostprocessing = 0;
		};
/* End PBXSourcesBuildPhase section */

/* Begin PBXTargetDependency section */
		6B1199F329AF6B0600454193 /* PBXTargetDependency */ = {
			isa = PBXTargetDependency;
			target = 6B1199E029AF6B0400454193 /* NetworkInfrastructure */;
			targetProxy = 6B1199F229AF6B0600454193 /* PBXContainerItemProxy */;
		};
		6B1199FD29AF6B0600454193 /* PBXTargetDependency */ = {
			isa = PBXTargetDependency;
			target = 6B1199E029AF6B0400454193 /* NetworkInfrastructure */;
			targetProxy = 6B1199FC29AF6B0600454193 /* PBXContainerItemProxy */;
		};
/* End PBXTargetDependency section */

/* Begin XCBuildConfiguration section */
		6B119A0329AF6B0600454193 /* Debug */ = {
			isa = XCBuildConfiguration;
			buildSettings = {
				ALWAYS_SEARCH_USER_PATHS = NO;
				CLANG_ANALYZER_NONNULL = YES;
				CLANG_ANALYZER_NUMBER_OBJECT_CONVERSION = YES_AGGRESSIVE;
				CLANG_CXX_LANGUAGE_STANDARD = "gnu++20";
				CLANG_ENABLE_MODULES = YES;
				CLANG_ENABLE_OBJC_ARC = YES;
				CLANG_ENABLE_OBJC_WEAK = YES;
				CLANG_WARN_BLOCK_CAPTURE_AUTORELEASING = YES;
				CLANG_WARN_BOOL_CONVERSION = YES;
				CLANG_WARN_COMMA = YES;
				CLANG_WARN_CONSTANT_CONVERSION = YES;
				CLANG_WARN_DEPRECATED_OBJC_IMPLEMENTATIONS = YES;
				CLANG_WARN_DIRECT_OBJC_ISA_USAGE = YES_ERROR;
				CLANG_WARN_DOCUMENTATION_COMMENTS = YES;
				CLANG_WARN_EMPTY_BODY = YES;
				CLANG_WARN_ENUM_CONVERSION = YES;
				CLANG_WARN_INFINITE_RECURSION = YES;
				CLANG_WARN_INT_CONVERSION = YES;
				CLANG_WARN_NON_LITERAL_NULL_CONVERSION = YES;
				CLANG_WARN_OBJC_IMPLICIT_RETAIN_SELF = YES;
				CLANG_WARN_OBJC_LITERAL_CONVERSION = YES;
				CLANG_WARN_OBJC_ROOT_CLASS = YES_ERROR;
				CLANG_WARN_QUOTED_INCLUDE_IN_FRAMEWORK_HEADER = YES;
				CLANG_WARN_RANGE_LOOP_ANALYSIS = YES;
				CLANG_WARN_STRICT_PROTOTYPES = YES;
				CLANG_WARN_SUSPICIOUS_MOVE = YES;
				CLANG_WARN_UNGUARDED_AVAILABILITY = YES_AGGRESSIVE;
				CLANG_WARN_UNREACHABLE_CODE = YES;
				CLANG_WARN__DUPLICATE_METHOD_MATCH = YES;
				COPY_PHASE_STRIP = NO;
				DEBUG_INFORMATION_FORMAT = dwarf;
				ENABLE_STRICT_OBJC_MSGSEND = YES;
				ENABLE_TESTABILITY = YES;
				GCC_C_LANGUAGE_STANDARD = gnu11;
				GCC_DYNAMIC_NO_PIC = NO;
				GCC_NO_COMMON_BLOCKS = YES;
				GCC_OPTIMIZATION_LEVEL = 0;
				GCC_PREPROCESSOR_DEFINITIONS = (
					"DEBUG=1",
					"$(inherited)",
				);
				GCC_WARN_64_TO_32_BIT_CONVERSION = YES;
				GCC_WARN_ABOUT_RETURN_TYPE = YES_ERROR;
				GCC_WARN_UNDECLARED_SELECTOR = YES;
				GCC_WARN_UNINITIALIZED_AUTOS = YES_AGGRESSIVE;
				GCC_WARN_UNUSED_FUNCTION = YES;
				GCC_WARN_UNUSED_VARIABLE = YES;
				IPHONEOS_DEPLOYMENT_TARGET = 16.2;
				MTL_ENABLE_DEBUG_INFO = INCLUDE_SOURCE;
				MTL_FAST_MATH = YES;
				ONLY_ACTIVE_ARCH = YES;
				SDKROOT = iphoneos;
				SWIFT_ACTIVE_COMPILATION_CONDITIONS = DEBUG;
				SWIFT_OPTIMIZATION_LEVEL = "-Onone";
			};
			name = Debug;
		};
		6B119A0429AF6B0600454193 /* Release */ = {
			isa = XCBuildConfiguration;
			buildSettings = {
				ALWAYS_SEARCH_USER_PATHS = NO;
				CLANG_ANALYZER_NONNULL = YES;
				CLANG_ANALYZER_NUMBER_OBJECT_CONVERSION = YES_AGGRESSIVE;
				CLANG_CXX_LANGUAGE_STANDARD = "gnu++20";
				CLANG_ENABLE_MODULES = YES;
				CLANG_ENABLE_OBJC_ARC = YES;
				CLANG_ENABLE_OBJC_WEAK = YES;
				CLANG_WARN_BLOCK_CAPTURE_AUTORELEASING = YES;
				CLANG_WARN_BOOL_CONVERSION = YES;
				CLANG_WARN_COMMA = YES;
				CLANG_WARN_CONSTANT_CONVERSION = YES;
				CLANG_WARN_DEPRECATED_OBJC_IMPLEMENTATIONS = YES;
				CLANG_WARN_DIRECT_OBJC_ISA_USAGE = YES_ERROR;
				CLANG_WARN_DOCUMENTATION_COMMENTS = YES;
				CLANG_WARN_EMPTY_BODY = YES;
				CLANG_WARN_ENUM_CONVERSION = YES;
				CLANG_WARN_INFINITE_RECURSION = YES;
				CLANG_WARN_INT_CONVERSION = YES;
				CLANG_WARN_NON_LITERAL_NULL_CONVERSION = YES;
				CLANG_WARN_OBJC_IMPLICIT_RETAIN_SELF = YES;
				CLANG_WARN_OBJC_LITERAL_CONVERSION = YES;
				CLANG_WARN_OBJC_ROOT_CLASS = YES_ERROR;
				CLANG_WARN_QUOTED_INCLUDE_IN_FRAMEWORK_HEADER = YES;
				CLANG_WARN_RANGE_LOOP_ANALYSIS = YES;
				CLANG_WARN_STRICT_PROTOTYPES = YES;
				CLANG_WARN_SUSPICIOUS_MOVE = YES;
				CLANG_WARN_UNGUARDED_AVAILABILITY = YES_AGGRESSIVE;
				CLANG_WARN_UNREACHABLE_CODE = YES;
				CLANG_WARN__DUPLICATE_METHOD_MATCH = YES;
				COPY_PHASE_STRIP = NO;
				DEBUG_INFORMATION_FORMAT = "dwarf-with-dsym";
				ENABLE_NS_ASSERTIONS = NO;
				ENABLE_STRICT_OBJC_MSGSEND = YES;
				GCC_C_LANGUAGE_STANDARD = gnu11;
				GCC_NO_COMMON_BLOCKS = YES;
				GCC_WARN_64_TO_32_BIT_CONVERSION = YES;
				GCC_WARN_ABOUT_RETURN_TYPE = YES_ERROR;
				GCC_WARN_UNDECLARED_SELECTOR = YES;
				GCC_WARN_UNINITIALIZED_AUTOS = YES_AGGRESSIVE;
				GCC_WARN_UNUSED_FUNCTION = YES;
				GCC_WARN_UNUSED_VARIABLE = YES;
				IPHONEOS_DEPLOYMENT_TARGET = 16.2;
				MTL_ENABLE_DEBUG_INFO = NO;
				MTL_FAST_MATH = YES;
				SDKROOT = iphoneos;
				SWIFT_COMPILATION_MODE = wholemodule;
				SWIFT_OPTIMIZATION_LEVEL = "-O";
				VALIDATE_PRODUCT = YES;
			};
			name = Release;
		};
		6B119A0629AF6B0600454193 /* Debug */ = {
			isa = XCBuildConfiguration;
			buildSettings = {
				ASSETCATALOG_COMPILER_APPICON_NAME = AppIcon;
				ASSETCATALOG_COMPILER_GLOBAL_ACCENT_COLOR_NAME = AccentColor;
				CODE_SIGN_STYLE = Automatic;
				CURRENT_PROJECT_VERSION = 1;
				DEVELOPMENT_ASSET_PATHS = "\"NetworkInfrastructure/Resources/Preview Content\"";
				DEVELOPMENT_TEAM = 65KV6R2AGS;
				ENABLE_PREVIEWS = YES;
				GENERATE_INFOPLIST_FILE = YES;
				INFOPLIST_KEY_UIApplicationSceneManifest_Generation = YES;
				INFOPLIST_KEY_UIApplicationSupportsIndirectInputEvents = YES;
				INFOPLIST_KEY_UILaunchScreen_Generation = YES;
				INFOPLIST_KEY_UISupportedInterfaceOrientations_iPad = "UIInterfaceOrientationPortrait UIInterfaceOrientationPortraitUpsideDown UIInterfaceOrientationLandscapeLeft UIInterfaceOrientationLandscapeRight";
				INFOPLIST_KEY_UISupportedInterfaceOrientations_iPhone = "UIInterfaceOrientationPortrait UIInterfaceOrientationLandscapeLeft UIInterfaceOrientationLandscapeRight";
				LD_RUNPATH_SEARCH_PATHS = (
					"$(inherited)",
					"@executable_path/Frameworks",
				);
				MARKETING_VERSION = 1.0;
				PRODUCT_BUNDLE_IDENTIFIER = Yeolmok.NetworkInfrastructure;
				PRODUCT_NAME = "$(TARGET_NAME)";
				SWIFT_EMIT_LOC_STRINGS = YES;
				SWIFT_VERSION = 5.0;
				TARGETED_DEVICE_FAMILY = "1,2";
			};
			name = Debug;
		};
		6B119A0729AF6B0600454193 /* Release */ = {
			isa = XCBuildConfiguration;
			buildSettings = {
				ASSETCATALOG_COMPILER_APPICON_NAME = AppIcon;
				ASSETCATALOG_COMPILER_GLOBAL_ACCENT_COLOR_NAME = AccentColor;
				CODE_SIGN_STYLE = Automatic;
				CURRENT_PROJECT_VERSION = 1;
				DEVELOPMENT_ASSET_PATHS = "\"NetworkInfrastructure/Resources/Preview Content\"";
				DEVELOPMENT_TEAM = 65KV6R2AGS;
				ENABLE_PREVIEWS = YES;
				GENERATE_INFOPLIST_FILE = YES;
				INFOPLIST_KEY_UIApplicationSceneManifest_Generation = YES;
				INFOPLIST_KEY_UIApplicationSupportsIndirectInputEvents = YES;
				INFOPLIST_KEY_UILaunchScreen_Generation = YES;
				INFOPLIST_KEY_UISupportedInterfaceOrientations_iPad = "UIInterfaceOrientationPortrait UIInterfaceOrientationPortraitUpsideDown UIInterfaceOrientationLandscapeLeft UIInterfaceOrientationLandscapeRight";
				INFOPLIST_KEY_UISupportedInterfaceOrientations_iPhone = "UIInterfaceOrientationPortrait UIInterfaceOrientationLandscapeLeft UIInterfaceOrientationLandscapeRight";
				LD_RUNPATH_SEARCH_PATHS = (
					"$(inherited)",
					"@executable_path/Frameworks",
				);
				MARKETING_VERSION = 1.0;
				PRODUCT_BUNDLE_IDENTIFIER = Yeolmok.NetworkInfrastructure;
				PRODUCT_NAME = "$(TARGET_NAME)";
				SWIFT_EMIT_LOC_STRINGS = YES;
				SWIFT_VERSION = 5.0;
				TARGETED_DEVICE_FAMILY = "1,2";
			};
			name = Release;
		};
		6B119A0929AF6B0600454193 /* Debug */ = {
			isa = XCBuildConfiguration;
			buildSettings = {
				ALWAYS_EMBED_SWIFT_STANDARD_LIBRARIES = YES;
				BUNDLE_LOADER = "$(TEST_HOST)";
				CODE_SIGN_STYLE = Automatic;
				CURRENT_PROJECT_VERSION = 1;
				DEVELOPMENT_TEAM = 65KV6R2AGS;
				GENERATE_INFOPLIST_FILE = YES;
				IPHONEOS_DEPLOYMENT_TARGET = 16.2;
				MARKETING_VERSION = 1.0;
				PRODUCT_BUNDLE_IDENTIFIER = Yeolmok.NetworkInfrastructureTests;
				PRODUCT_NAME = "$(TARGET_NAME)";
				SWIFT_EMIT_LOC_STRINGS = NO;
				SWIFT_VERSION = 5.0;
				TARGETED_DEVICE_FAMILY = "1,2";
				TEST_HOST = "$(BUILT_PRODUCTS_DIR)/NetworkInfrastructure.app/$(BUNDLE_EXECUTABLE_FOLDER_PATH)/NetworkInfrastructure";
			};
			name = Debug;
		};
		6B119A0A29AF6B0600454193 /* Release */ = {
			isa = XCBuildConfiguration;
			buildSettings = {
				ALWAYS_EMBED_SWIFT_STANDARD_LIBRARIES = YES;
				BUNDLE_LOADER = "$(TEST_HOST)";
				CODE_SIGN_STYLE = Automatic;
				CURRENT_PROJECT_VERSION = 1;
				DEVELOPMENT_TEAM = 65KV6R2AGS;
				GENERATE_INFOPLIST_FILE = YES;
				IPHONEOS_DEPLOYMENT_TARGET = 16.2;
				MARKETING_VERSION = 1.0;
				PRODUCT_BUNDLE_IDENTIFIER = Yeolmok.NetworkInfrastructureTests;
				PRODUCT_NAME = "$(TARGET_NAME)";
				SWIFT_EMIT_LOC_STRINGS = NO;
				SWIFT_VERSION = 5.0;
				TARGETED_DEVICE_FAMILY = "1,2";
				TEST_HOST = "$(BUILT_PRODUCTS_DIR)/NetworkInfrastructure.app/$(BUNDLE_EXECUTABLE_FOLDER_PATH)/NetworkInfrastructure";
			};
			name = Release;
		};
		6B119A0C29AF6B0600454193 /* Debug */ = {
			isa = XCBuildConfiguration;
			buildSettings = {
				ALWAYS_EMBED_SWIFT_STANDARD_LIBRARIES = YES;
				CODE_SIGN_STYLE = Automatic;
				CURRENT_PROJECT_VERSION = 1;
				DEVELOPMENT_TEAM = 65KV6R2AGS;
				GENERATE_INFOPLIST_FILE = YES;
				MARKETING_VERSION = 1.0;
				PRODUCT_BUNDLE_IDENTIFIER = Yeolmok.NetworkInfrastructureUITests;
				PRODUCT_NAME = "$(TARGET_NAME)";
				SWIFT_EMIT_LOC_STRINGS = NO;
				SWIFT_VERSION = 5.0;
				TARGETED_DEVICE_FAMILY = "1,2";
				TEST_TARGET_NAME = NetworkInfrastructure;
			};
			name = Debug;
		};
		6B119A0D29AF6B0600454193 /* Release */ = {
			isa = XCBuildConfiguration;
			buildSettings = {
				ALWAYS_EMBED_SWIFT_STANDARD_LIBRARIES = YES;
				CODE_SIGN_STYLE = Automatic;
				CURRENT_PROJECT_VERSION = 1;
				DEVELOPMENT_TEAM = 65KV6R2AGS;
				GENERATE_INFOPLIST_FILE = YES;
				MARKETING_VERSION = 1.0;
				PRODUCT_BUNDLE_IDENTIFIER = Yeolmok.NetworkInfrastructureUITests;
				PRODUCT_NAME = "$(TARGET_NAME)";
				SWIFT_EMIT_LOC_STRINGS = NO;
				SWIFT_VERSION = 5.0;
				TARGETED_DEVICE_FAMILY = "1,2";
				TEST_TARGET_NAME = NetworkInfrastructure;
			};
			name = Release;
		};
/* End XCBuildConfiguration section */

/* Begin XCConfigurationList section */
		6B1199DC29AF6B0400454193 /* Build configuration list for PBXProject "NetworkInfrastructure" */ = {
			isa = XCConfigurationList;
			buildConfigurations = (
				6B119A0329AF6B0600454193 /* Debug */,
				6B119A0429AF6B0600454193 /* Release */,
			);
			defaultConfigurationIsVisible = 0;
			defaultConfigurationName = Release;
		};
		6B119A0529AF6B0600454193 /* Build configuration list for PBXNativeTarget "NetworkInfrastructure" */ = {
			isa = XCConfigurationList;
			buildConfigurations = (
				6B119A0629AF6B0600454193 /* Debug */,
				6B119A0729AF6B0600454193 /* Release */,
			);
			defaultConfigurationIsVisible = 0;
			defaultConfigurationName = Release;
		};
		6B119A0829AF6B0600454193 /* Build configuration list for PBXNativeTarget "NetworkInfrastructureTests" */ = {
			isa = XCConfigurationList;
			buildConfigurations = (
				6B119A0929AF6B0600454193 /* Debug */,
				6B119A0A29AF6B0600454193 /* Release */,
			);
			defaultConfigurationIsVisible = 0;
			defaultConfigurationName = Release;
		};
		6B119A0B29AF6B0600454193 /* Build configuration list for PBXNativeTarget "NetworkInfrastructureUITests" */ = {
			isa = XCConfigurationList;
			buildConfigurations = (
				6B119A0C29AF6B0600454193 /* Debug */,
				6B119A0D29AF6B0600454193 /* Release */,
			);
			defaultConfigurationIsVisible = 0;
			defaultConfigurationName = Release;
		};
/* End XCConfigurationList section */
	};
	rootObject = 6B1199D929AF6B0400454193 /* Project object */;
}
